// !$*UTF8*$!
{
	archiveVersion = 1;
	classes = {
	};
	objectVersion = 55;
	objects = {

/* Begin PBXBuildFile section */
		ED63D18E279C0100000C89EC /* DetailView.swift in Sources */ = {isa = PBXBuildFile; fileRef = ED63D18D279C00FF000C89EC /* DetailView.swift */; };
		ED63D18F279C0100000C89EC /* DetailView.swift in Sources */ = {isa = PBXBuildFile; fileRef = ED63D18D279C00FF000C89EC /* DetailView.swift */; };
		ED63D191279C0926000C89EC /* Pose.swift in Sources */ = {isa = PBXBuildFile; fileRef = ED63D190279C0925000C89EC /* Pose.swift */; };
		ED63D192279C0926000C89EC /* Pose.swift in Sources */ = {isa = PBXBuildFile; fileRef = ED63D190279C0925000C89EC /* Pose.swift */; };
		EDAEF8A82793F7CA00EDC1E7 /* Stretch_PawsApp.swift in Sources */ = {isa = PBXBuildFile; fileRef = EDAEF8982793F7C100EDC1E7 /* Stretch_PawsApp.swift */; };
		EDAEF8A92793F7CA00EDC1E7 /* Stretch_PawsApp.swift in Sources */ = {isa = PBXBuildFile; fileRef = EDAEF8982793F7C100EDC1E7 /* Stretch_PawsApp.swift */; };
		EDAEF8AA2793F7CA00EDC1E7 /* ContentView.swift in Sources */ = {isa = PBXBuildFile; fileRef = EDAEF8992793F7C100EDC1E7 /* ContentView.swift */; };
		EDAEF8AB2793F7CA00EDC1E7 /* ContentView.swift in Sources */ = {isa = PBXBuildFile; fileRef = EDAEF8992793F7C100EDC1E7 /* ContentView.swift */; };
		EDAEF8AC2793F7CA00EDC1E7 /* Assets.xcassets in Resources */ = {isa = PBXBuildFile; fileRef = EDAEF89A2793F7C900EDC1E7 /* Assets.xcassets */; };
		EDAEF8AD2793F7CA00EDC1E7 /* Assets.xcassets in Resources */ = {isa = PBXBuildFile; fileRef = EDAEF89A2793F7C900EDC1E7 /* Assets.xcassets */; };
/* End PBXBuildFile section */

/* Begin PBXFileReference section */
		ED63D18D279C00FF000C89EC /* DetailView.swift */ = {isa = PBXFileReference; lastKnownFileType = sourcecode.swift; path = DetailView.swift; sourceTree = "<group>"; };
		ED63D190279C0925000C89EC /* Pose.swift */ = {isa = PBXFileReference; lastKnownFileType = sourcecode.swift; path = Pose.swift; sourceTree = "<group>"; };
		EDAEF8982793F7C100EDC1E7 /* Stretch_PawsApp.swift */ = {isa = PBXFileReference; lastKnownFileType = sourcecode.swift; path = Stretch_PawsApp.swift; sourceTree = "<group>"; };
		EDAEF8992793F7C100EDC1E7 /* ContentView.swift */ = {isa = PBXFileReference; lastKnownFileType = sourcecode.swift; path = ContentView.swift; sourceTree = "<group>"; };
		EDAEF89A2793F7C900EDC1E7 /* Assets.xcassets */ = {isa = PBXFileReference; lastKnownFileType = folder.assetcatalog; path = Assets.xcassets; sourceTree = "<group>"; };
		EDAEF89F2793F7CA00EDC1E7 /* Stretch+Paws.app */ = {isa = PBXFileReference; explicitFileType = wrapper.application; includeInIndex = 0; path = "Stretch+Paws.app"; sourceTree = BUILT_PRODUCTS_DIR; };
		EDAEF8A52793F7CA00EDC1E7 /* Stretch+Paws.app */ = {isa = PBXFileReference; explicitFileType = wrapper.application; includeInIndex = 0; path = "Stretch+Paws.app"; sourceTree = BUILT_PRODUCTS_DIR; };
		EDAEF8A72793F7CA00EDC1E7 /* macOS.entitlements */ = {isa = PBXFileReference; lastKnownFileType = text.plist.entitlements; path = macOS.entitlements; sourceTree = "<group>"; };
/* End PBXFileReference section */

/* Begin PBXFrameworksBuildPhase section */
		EDAEF89C2793F7CA00EDC1E7 /* Frameworks */ = {
			isa = PBXFrameworksBuildPhase;
			buildActionMask = 2147483647;
			files = (
			);
			runOnlyForDeploymentPostprocessing = 0;
		};
		EDAEF8A22793F7CA00EDC1E7 /* Frameworks */ = {
			isa = PBXFrameworksBuildPhase;
			buildActionMask = 2147483647;
			files = (
			);
			runOnlyForDeploymentPostprocessing = 0;
		};
/* End PBXFrameworksBuildPhase section */

/* Begin PBXGroup section */
		EDAEF8922793F7C000EDC1E7 = {
			isa = PBXGroup;
			children = (
				EDAEF8972793F7C100EDC1E7 /* Shared */,
				EDAEF8A62793F7CA00EDC1E7 /* macOS */,
				EDAEF8A02793F7CA00EDC1E7 /* Products */,
			);
			sourceTree = "<group>";
		};
		EDAEF8972793F7C100EDC1E7 /* Shared */ = {
			isa = PBXGroup;
			children = (
				EDAEF8982793F7C100EDC1E7 /* Stretch_PawsApp.swift */,
				EDAEF8992793F7C100EDC1E7 /* ContentView.swift */,
				ED63D18D279C00FF000C89EC /* DetailView.swift */,
				ED63D190279C0925000C89EC /* Pose.swift */,
				EDAEF89A2793F7C900EDC1E7 /* Assets.xcassets */,
			);
			path = Shared;
			sourceTree = "<group>";
		};
		EDAEF8A02793F7CA00EDC1E7 /* Products */ = {
			isa = PBXGroup;
			children = (
				EDAEF89F2793F7CA00EDC1E7 /* Stretch+Paws.app */,
				EDAEF8A52793F7CA00EDC1E7 /* Stretch+Paws.app */,
			);
			name = Products;
			sourceTree = "<group>";
		};
		EDAEF8A62793F7CA00EDC1E7 /* macOS */ = {
			isa = PBXGroup;
			children = (
				EDAEF8A72793F7CA00EDC1E7 /* macOS.entitlements */,
			);
			path = macOS;
			sourceTree = "<group>";
		};
/* End PBXGroup section */

/* Begin PBXNativeTarget section */
		EDAEF89E2793F7CA00EDC1E7 /* Stretch+Paws (iOS) */ = {
			isa = PBXNativeTarget;
			buildConfigurationList = EDAEF8B02793F7CA00EDC1E7 /* Build configuration list for PBXNativeTarget "Stretch+Paws (iOS)" */;
			buildPhases = (
				EDAEF89B2793F7CA00EDC1E7 /* Sources */,
				EDAEF89C2793F7CA00EDC1E7 /* Frameworks */,
				EDAEF89D2793F7CA00EDC1E7 /* Resources */,
			);
			buildRules = (
			);
			dependencies = (
			);
			name = "Stretch+Paws (iOS)";
			productName = "Stretch+Paws (iOS)";
			productReference = EDAEF89F2793F7CA00EDC1E7 /* Stretch+Paws.app */;
			productType = "com.apple.product-type.application";
		};
		EDAEF8A42793F7CA00EDC1E7 /* Stretch+Paws (macOS) */ = {
			isa = PBXNativeTarget;
			buildConfigurationList = EDAEF8B32793F7CA00EDC1E7 /* Build configuration list for PBXNativeTarget "Stretch+Paws (macOS)" */;
			buildPhases = (
				EDAEF8A12793F7CA00EDC1E7 /* Sources */,
				EDAEF8A22793F7CA00EDC1E7 /* Frameworks */,
				EDAEF8A32793F7CA00EDC1E7 /* Resources */,
			);
			buildRules = (
			);
			dependencies = (
			);
			name = "Stretch+Paws (macOS)";
			productName = "Stretch+Paws (macOS)";
			productReference = EDAEF8A52793F7CA00EDC1E7 /* Stretch+Paws.app */;
			productType = "com.apple.product-type.application";
		};
/* End PBXNativeTarget section */

/* Begin PBXProject section */
		EDAEF8932793F7C000EDC1E7 /* Project object */ = {
			isa = PBXProject;
			attributes = {
				BuildIndependentTargetsInParallel = 1;
				LastSwiftUpdateCheck = 1320;
				LastUpgradeCheck = 1320;
				TargetAttributes = {
					EDAEF89E2793F7CA00EDC1E7 = {
						CreatedOnToolsVersion = 13.2.1;
					};
					EDAEF8A42793F7CA00EDC1E7 = {
						CreatedOnToolsVersion = 13.2.1;
					};
				};
			};
			buildConfigurationList = EDAEF8962793F7C000EDC1E7 /* Build configuration list for PBXProject "Stretch+Paws" */;
			compatibilityVersion = "Xcode 13.0";
			developmentRegion = en;
			hasScannedForEncodings = 0;
			knownRegions = (
				en,
				Base,
			);
			mainGroup = EDAEF8922793F7C000EDC1E7;
			productRefGroup = EDAEF8A02793F7CA00EDC1E7 /* Products */;
			projectDirPath = "";
			projectRoot = "";
			targets = (
				EDAEF89E2793F7CA00EDC1E7 /* Stretch+Paws (iOS) */,
				EDAEF8A42793F7CA00EDC1E7 /* Stretch+Paws (macOS) */,
			);
		};
/* End PBXProject section */

/* Begin PBXResourcesBuildPhase section */
		EDAEF89D2793F7CA00EDC1E7 /* Resources */ = {
			isa = PBXResourcesBuildPhase;
			buildActionMask = 2147483647;
			files = (
				EDAEF8AC2793F7CA00EDC1E7 /* Assets.xcassets in Resources */,
			);
			runOnlyForDeploymentPostprocessing = 0;
		};
		EDAEF8A32793F7CA00EDC1E7 /* Resources */ = {
			isa = PBXResourcesBuildPhase;
			buildActionMask = 2147483647;
			files = (
				EDAEF8AD2793F7CA00EDC1E7 /* Assets.xcassets in Resources */,
			);
			runOnlyForDeploymentPostprocessing = 0;
		};
/* End PBXResourcesBuildPhase section */

/* Begin PBXSourcesBuildPhase section */
		EDAEF89B2793F7CA00EDC1E7 /* Sources */ = {
			isa = PBXSourcesBuildPhase;
			buildActionMask = 2147483647;
			files = (
				ED63D191279C0926000C89EC /* Pose.swift in Sources */,
				EDAEF8AA2793F7CA00EDC1E7 /* ContentView.swift in Sources */,
				ED63D18E279C0100000C89EC /* DetailView.swift in Sources */,
				EDAEF8A82793F7CA00EDC1E7 /* Stretch_PawsApp.swift in Sources */,
			);
			runOnlyForDeploymentPostprocessing = 0;
		};
		EDAEF8A12793F7CA00EDC1E7 /* Sources */ = {
			isa = PBXSourcesBuildPhase;
			buildActionMask = 2147483647;
			files = (
				ED63D192279C0926000C89EC /* Pose.swift in Sources */,
				EDAEF8AB2793F7CA00EDC1E7 /* ContentView.swift in Sources */,
				ED63D18F279C0100000C89EC /* DetailView.swift in Sources */,
				EDAEF8A92793F7CA00EDC1E7 /* Stretch_PawsApp.swift in Sources */,
			);
			runOnlyForDeploymentPostprocessing = 0;
		};
/* End PBXSourcesBuildPhase section */

/* Begin XCBuildConfiguration section */
		EDAEF8AE2793F7CA00EDC1E7 /* Debug */ = {
			isa = XCBuildConfiguration;
			buildSettings = {
				ALWAYS_SEARCH_USER_PATHS = NO;
				CLANG_ANALYZER_NONNULL = YES;
				CLANG_ANALYZER_NUMBER_OBJECT_CONVERSION = YES_AGGRESSIVE;
				CLANG_CXX_LANGUAGE_STANDARD = "gnu++17";
				CLANG_CXX_LIBRARY = "libc++";
				CLANG_ENABLE_MODULES = YES;
				CLANG_ENABLE_OBJC_ARC = YES;
				CLANG_ENABLE_OBJC_WEAK = YES;
				CLANG_WARN_BLOCK_CAPTURE_AUTORELEASING = YES;
				CLANG_WARN_BOOL_CONVERSION = YES;
				CLANG_WARN_COMMA = YES;
				CLANG_WARN_CONSTANT_CONVERSION = YES;
				CLANG_WARN_DEPRECATED_OBJC_IMPLEMENTATIONS = YES;
				CLANG_WARN_DIRECT_OBJC_ISA_USAGE = YES_ERROR;
				CLANG_WARN_DOCUMENTATION_COMMENTS = YES;
				CLANG_WARN_EMPTY_BODY = YES;
				CLANG_WARN_ENUM_CONVERSION = YES;
				CLANG_WARN_INFINITE_RECURSION = YES;
				CLANG_WARN_INT_CONVERSION = YES;
				CLANG_WARN_NON_LITERAL_NULL_CONVERSION = YES;
				CLANG_WARN_OBJC_IMPLICIT_RETAIN_SELF = YES;
				CLANG_WARN_OBJC_LITERAL_CONVERSION = YES;
				CLANG_WARN_OBJC_ROOT_CLASS = YES_ERROR;
				CLANG_WARN_QUOTED_INCLUDE_IN_FRAMEWORK_HEADER = YES;
				CLANG_WARN_RANGE_LOOP_ANALYSIS = YES;
				CLANG_WARN_STRICT_PROTOTYPES = YES;
				CLANG_WARN_SUSPICIOUS_MOVE = YES;
				CLANG_WARN_UNGUARDED_AVAILABILITY = YES_AGGRESSIVE;
				CLANG_WARN_UNREACHABLE_CODE = YES;
				CLANG_WARN__DUPLICATE_METHOD_MATCH = YES;
				COPY_PHASE_STRIP = NO;
				DEBUG_INFORMATION_FORMAT = dwarf;
				ENABLE_STRICT_OBJC_MSGSEND = YES;
				ENABLE_TESTABILITY = YES;
				GCC_C_LANGUAGE_STANDARD = gnu11;
				GCC_DYNAMIC_NO_PIC = NO;
				GCC_NO_COMMON_BLOCKS = YES;
				GCC_OPTIMIZATION_LEVEL = 0;
				GCC_PREPROCESSOR_DEFINITIONS = (
					"DEBUG=1",
					"$(inherited)",
				);
				GCC_WARN_64_TO_32_BIT_CONVERSION = YES;
				GCC_WARN_ABOUT_RETURN_TYPE = YES_ERROR;
				GCC_WARN_UNDECLARED_SELECTOR = YES;
				GCC_WARN_UNINITIALIZED_AUTOS = YES_AGGRESSIVE;
				GCC_WARN_UNUSED_FUNCTION = YES;
				GCC_WARN_UNUSED_VARIABLE = YES;
				MTL_ENABLE_DEBUG_INFO = INCLUDE_SOURCE;
				MTL_FAST_MATH = YES;
				ONLY_ACTIVE_ARCH = YES;
				SWIFT_ACTIVE_COMPILATION_CONDITIONS = DEBUG;
				SWIFT_OPTIMIZATION_LEVEL = "-Onone";
			};
			name = Debug;
		};
		EDAEF8AF2793F7CA00EDC1E7 /* Release */ = {
			isa = XCBuildConfiguration;
			buildSettings = {
				ALWAYS_SEARCH_USER_PATHS = NO;
				CLANG_ANALYZER_NONNULL = YES;
				CLANG_ANALYZER_NUMBER_OBJECT_CONVERSION = YES_AGGRESSIVE;
				CLANG_CXX_LANGUAGE_STANDARD = "gnu++17";
				CLANG_CXX_LIBRARY = "libc++";
				CLANG_ENABLE_MODULES = YES;
				CLANG_ENABLE_OBJC_ARC = YES;
				CLANG_ENABLE_OBJC_WEAK = YES;
				CLANG_WARN_BLOCK_CAPTURE_AUTORELEASING = YES;
				CLANG_WARN_BOOL_CONVERSION = YES;
				CLANG_WARN_COMMA = YES;
				CLANG_WARN_CONSTANT_CONVERSION = YES;
				CLANG_WARN_DEPRECATED_OBJC_IMPLEMENTATIONS = YES;
				CLANG_WARN_DIRECT_OBJC_ISA_USAGE = YES_ERROR;
				CLANG_WARN_DOCUMENTATION_COMMENTS = YES;
				CLANG_WARN_EMPTY_BODY = YES;
				CLANG_WARN_ENUM_CONVERSION = YES;
				CLANG_WARN_INFINITE_RECURSION = YES;
				CLANG_WARN_INT_CONVERSION = YES;
				CLANG_WARN_NON_LITERAL_NULL_CONVERSION = YES;
				CLANG_WARN_OBJC_IMPLICIT_RETAIN_SELF = YES;
				CLANG_WARN_OBJC_LITERAL_CONVERSION = YES;
				CLANG_WARN_OBJC_ROOT_CLASS = YES_ERROR;
				CLANG_WARN_QUOTED_INCLUDE_IN_FRAMEWORK_HEADER = YES;
				CLANG_WARN_RANGE_LOOP_ANALYSIS = YES;
				CLANG_WARN_STRICT_PROTOTYPES = YES;
				CLANG_WARN_SUSPICIOUS_MOVE = YES;
				CLANG_WARN_UNGUARDED_AVAILABILITY = YES_AGGRESSIVE;
				CLANG_WARN_UNREACHABLE_CODE = YES;
				CLANG_WARN__DUPLICATE_METHOD_MATCH = YES;
				COPY_PHASE_STRIP = NO;
				DEBUG_INFORMATION_FORMAT = "dwarf-with-dsym";
				ENABLE_NS_ASSERTIONS = NO;
				ENABLE_STRICT_OBJC_MSGSEND = YES;
				GCC_C_LANGUAGE_STANDARD = gnu11;
				GCC_NO_COMMON_BLOCKS = YES;
				GCC_WARN_64_TO_32_BIT_CONVERSION = YES;
				GCC_WARN_ABOUT_RETURN_TYPE = YES_ERROR;
				GCC_WARN_UNDECLARED_SELECTOR = YES;
				GCC_WARN_UNINITIALIZED_AUTOS = YES_AGGRESSIVE;
				GCC_WARN_UNUSED_FUNCTION = YES;
				GCC_WARN_UNUSED_VARIABLE = YES;
				MTL_ENABLE_DEBUG_INFO = NO;
				MTL_FAST_MATH = YES;
				SWIFT_COMPILATION_MODE = wholemodule;
				SWIFT_OPTIMIZATION_LEVEL = "-O";
			};
			name = Release;
		};
		EDAEF8B12793F7CA00EDC1E7 /* Debug */ = {
			isa = XCBuildConfiguration;
			buildSettings = {
				ASSETCATALOG_COMPILER_APPICON_NAME = AppIcon;
				ASSETCATALOG_COMPILER_GLOBAL_ACCENT_COLOR_NAME = AccentColor;
				CODE_SIGN_STYLE = Automatic;
				CURRENT_PROJECT_VERSION = 1;
				DEVELOPMENT_TEAM = QW4Q4GZ4QP;
				ENABLE_PREVIEWS = YES;
				GENERATE_INFOPLIST_FILE = YES;
				INFOPLIST_KEY_UIApplicationSceneManifest_Generation = YES;
				INFOPLIST_KEY_UIApplicationSupportsIndirectInputEvents = YES;
				INFOPLIST_KEY_UILaunchScreen_Generation = YES;
				INFOPLIST_KEY_UISupportedInterfaceOrientations_iPad = "UIInterfaceOrientationPortrait UIInterfaceOrientationPortraitUpsideDown UIInterfaceOrientationLandscapeLeft UIInterfaceOrientationLandscapeRight";
				INFOPLIST_KEY_UISupportedInterfaceOrientations_iPhone = "UIInterfaceOrientationPortrait UIInterfaceOrientationLandscapeLeft UIInterfaceOrientationLandscapeRight";
				IPHONEOS_DEPLOYMENT_TARGET = 15.2;
				LD_RUNPATH_SEARCH_PATHS = (
					"$(inherited)",
					"@executable_path/Frameworks",
				);
				MARKETING_VERSION = 1.0;
				PRODUCT_BUNDLE_IDENTIFIER = "com.charlotteuxd.Stretch-Paws";
				PRODUCT_NAME = "Stretch+Paws";
				SDKROOT = iphoneos;
				SWIFT_EMIT_LOC_STRINGS = YES;
				SWIFT_VERSION = 5.0;
				TARGETED_DEVICE_FAMILY = "1,2";
			};
			name = Debug;
		};
		EDAEF8B22793F7CA00EDC1E7 /* Release */ = {
			isa = XCBuildConfiguration;
			buildSettings = {
				ASSETCATALOG_COMPILER_APPICON_NAME = AppIcon;
				ASSETCATALOG_COMPILER_GLOBAL_ACCENT_COLOR_NAME = AccentColor;
				CODE_SIGN_STYLE = Automatic;
				CURRENT_PROJECT_VERSION = 1;
				DEVELOPMENT_TEAM = QW4Q4GZ4QP;
				ENABLE_PREVIEWS = YES;
				GENERATE_INFOPLIST_FILE = YES;
				INFOPLIST_KEY_UIApplicationSceneManifest_Generation = YES;
				INFOPLIST_KEY_UIApplicationSupportsIndirectInputEvents = YES;
				INFOPLIST_KEY_UILaunchScreen_Generation = YES;
				INFOPLIST_KEY_UISupportedInterfaceOrientations_iPad = "UIInterfaceOrientationPortrait UIInterfaceOrientationPortraitUpsideDown UIInterfaceOrientationLandscapeLeft UIInterfaceOrientationLandscapeRight";
				INFOPLIST_KEY_UISupportedInterfaceOrientations_iPhone = "UIInterfaceOrientationPortrait UIInterfaceOrientationLandscapeLeft UIInterfaceOrientationLandscapeRight";
				IPHONEOS_DEPLOYMENT_TARGET = 15.2;
				LD_RUNPATH_SEARCH_PATHS = (
					"$(inherited)",
					"@executable_path/Frameworks",
				);
				MARKETING_VERSION = 1.0;
				PRODUCT_BUNDLE_IDENTIFIER = "com.charlotteuxd.Stretch-Paws";
				PRODUCT_NAME = "Stretch+Paws";
				SDKROOT = iphoneos;
				SWIFT_EMIT_LOC_STRINGS = YES;
				SWIFT_VERSION = 5.0;
				TARGETED_DEVICE_FAMILY = "1,2";
				VALIDATE_PRODUCT = YES;
			};
			name = Release;
		};
		EDAEF8B42793F7CA00EDC1E7 /* Debug */ = {
			isa = XCBuildConfiguration;
			buildSettings = {
				ASSETCATALOG_COMPILER_APPICON_NAME = AppIcon;
				ASSETCATALOG_COMPILER_GLOBAL_ACCENT_COLOR_NAME = AccentColor;
				CODE_SIGN_ENTITLEMENTS = macOS/macOS.entitlements;
				CODE_SIGN_STYLE = Automatic;
				COMBINE_HIDPI_IMAGES = YES;
				CURRENT_PROJECT_VERSION = 1;
				DEVELOPMENT_TEAM = QW4Q4GZ4QP;
				ENABLE_HARDENED_RUNTIME = YES;
				ENABLE_PREVIEWS = YES;
				GENERATE_INFOPLIST_FILE = YES;
				INFOPLIST_KEY_NSHumanReadableCopyright = "";
				LD_RUNPATH_SEARCH_PATHS = (
					"$(inherited)",
					"@executable_path/../Frameworks",
				);
				MACOSX_DEPLOYMENT_TARGET = 11.6;
				MARKETING_VERSION = 1.0;
				PRODUCT_BUNDLE_IDENTIFIER = "com.charlotteuxd.Stretch-Paws";
				PRODUCT_NAME = "Stretch+Paws";
				SDKROOT = macosx;
				SWIFT_EMIT_LOC_STRINGS = YES;
				SWIFT_VERSION = 5.0;
			};
			name = Debug;
		};
		EDAEF8B52793F7CA00EDC1E7 /* Release */ = {
			isa = XCBuildConfiguration;
			buildSettings = {
				ASSETCATALOG_COMPILER_APPICON_NAME = AppIcon;
				ASSETCATALOG_COMPILER_GLOBAL_ACCENT_COLOR_NAME = AccentColor;
				CODE_SIGN_ENTITLEMENTS = macOS/macOS.entitlements;
				CODE_SIGN_STYLE = Automatic;
				COMBINE_HIDPI_IMAGES = YES;
				CURRENT_PROJECT_VERSION = 1;
				DEVELOPMENT_TEAM = QW4Q4GZ4QP;
				ENABLE_HARDENED_RUNTIME = YES;
				ENABLE_PREVIEWS = YES;
				GENERATE_INFOPLIST_FILE = YES;
				INFOPLIST_KEY_NSHumanReadableCopyright = "";
				LD_RUNPATH_SEARCH_PATHS = (
					"$(inherited)",
					"@executable_path/../Frameworks",
				);
				MACOSX_DEPLOYMENT_TARGET = 11.6;
				MARKETING_VERSION = 1.0;
				PRODUCT_BUNDLE_IDENTIFIER = "com.charlotteuxd.Stretch-Paws";
				PRODUCT_NAME = "Stretch+Paws";
				SDKROOT = macosx;
				SWIFT_EMIT_LOC_STRINGS = YES;
				SWIFT_VERSION = 5.0;
			};
			name = Release;
		};
/* End XCBuildConfiguration section */

/* Begin XCConfigurationList section */
		EDAEF8962793F7C000EDC1E7 /* Build configuration list for PBXProject "Stretch+Paws" */ = {
			isa = XCConfigurationList;
			buildConfigurations = (
				EDAEF8AE2793F7CA00EDC1E7 /* Debug */,
				EDAEF8AF2793F7CA00EDC1E7 /* Release */,
			);
			defaultConfigurationIsVisible = 0;
			defaultConfigurationName = Release;
		};
		EDAEF8B02793F7CA00EDC1E7 /* Build configuration list for PBXNativeTarget "Stretch+Paws (iOS)" */ = {
			isa = XCConfigurationList;
			buildConfigurations = (
				EDAEF8B12793F7CA00EDC1E7 /* Debug */,
				EDAEF8B22793F7CA00EDC1E7 /* Release */,
			);
			defaultConfigurationIsVisible = 0;
			defaultConfigurationName = Release;
		};
		EDAEF8B32793F7CA00EDC1E7 /* Build configuration list for PBXNativeTarget "Stretch+Paws (macOS)" */ = {
			isa = XCConfigurationList;
			buildConfigurations = (
				EDAEF8B42793F7CA00EDC1E7 /* Debug */,
				EDAEF8B52793F7CA00EDC1E7 /* Release */,
			);
			defaultConfigurationIsVisible = 0;
			defaultConfigurationName = Release;
		};
/* End XCConfigurationList section */
	};
	rootObject = EDAEF8932793F7C000EDC1E7 /* Project object */;
}
